{
  "version": "5",
  "specifiers": {
    "jsr:@std/assert@*": "1.0.13",
    "jsr:@std/assert@1": "1.0.13",
    "jsr:@std/cli@^1.0.19": "1.0.19",
    "jsr:@std/internal@^1.0.6": "1.0.6",
    "npm:@ai-sdk/openai@2": "2.0.4_zod@3.25.76",
    "npm:ai@5.0.0": "5.0.0_zod@3.25.76",
    "npm:zod@3.25.76": "3.25.76"
  },
  "jsr": {
    "@std/assert@1.0.13": {
      "integrity": "ae0d31e41919b12c656c742b22522c32fb26ed0cba32975cb0de2a273cb68b29",
      "dependencies": [
        "jsr:@std/internal"
      ]
    },
    "@std/cli@1.0.19": {
      "integrity": "b3601a54891f89f3f738023af11960c4e6f7a45dc76cde39a6861124cba79e88"
    },
    "@std/internal@1.0.6": {
      "integrity": "9533b128f230f73bd209408bb07a4b12f8d4255ab2a4d22a1fd6d87304aca9a4"
    }
  },
  "npm": {
    "@ai-sdk/gateway@1.0.0_zod@3.25.76": {
      "integrity": "sha512-VEm87DyRx1yIPywbTy8ntoyh4jEDv1rJ88m+2I7zOm08jJI5BhFtAWh0OF6YzZu1Vu4NxhOWO4ssGdsqydDQ3A==",
      "dependencies": [
        "@ai-sdk/provider",
        "@ai-sdk/provider-utils@3.0.0_zod@3.25.76",
        "zod"
      ]
    },
    "@ai-sdk/openai@2.0.4_zod@3.25.76": {
      "integrity": "sha512-PnVUFosX2zWk6emiX4SulZrGvGw79YJjh/DgxahpAcBpz71GlQyzVNTFAQx7ycFGLBg/YniJr1M2WJybYZZ3ug==",
      "dependencies": [
        "@ai-sdk/provider",
        "@ai-sdk/provider-utils@3.0.1_zod@3.25.76",
        "zod"
      ]
    },
    "@ai-sdk/provider-utils@3.0.0_zod@3.25.76": {
      "integrity": "sha512-BoQZtGcBxkeSH1zK+SRYNDtJPIPpacTeiMZqnG4Rv6xXjEwM0FH4MGs9c+PlhyEWmQCzjRM2HAotEydFhD4dYw==",
      "dependencies": [
        "@ai-sdk/provider",
        "@standard-schema/spec",
        "eventsource-parser",
        "zod",
        "zod-to-json-schema"
      ]
    },
    "@ai-sdk/provider-utils@3.0.1_zod@3.25.76": {
      "integrity": "sha512-/iP1sKc6UdJgGH98OCly7sWJKv+J9G47PnTjIj40IJMUQKwDrUMyf7zOOfRtPwSuNifYhSoJQ4s1WltI65gJ/g==",
      "dependencies": [
        "@ai-sdk/provider",
        "@standard-schema/spec",
        "eventsource-parser",
        "zod",
        "zod-to-json-schema"
      ]
    },
    "@ai-sdk/provider@2.0.0": {
      "integrity": "sha512-6o7Y2SeO9vFKB8lArHXehNuusnpddKPk7xqL7T2/b+OvXMRIXUO1rR4wcv1hAFUAT9avGZshty3Wlua/XA7TvA==",
      "dependencies": [
        "json-schema"
      ]
    },
    "@opentelemetry/api@1.9.0": {
      "integrity": "sha512-3giAOQvZiH5F9bMlMiv8+GSPMeqg0dbaeo58/0SlA9sxSqZhnUtxzX9/2FzyhS9sWQf5S0GJE0AKBrFqjpeYcg=="
    },
    "@standard-schema/spec@1.0.0": {
      "integrity": "sha512-m2bOd0f2RT9k8QJx1JN85cZYyH1RqFBdlwtkSlf4tBDYLCiiZnv1fIIwacK6cqwXavOydf0NPToMQgpKq+dVlA=="
    },
    "ai@5.0.0_zod@3.25.76": {
      "integrity": "sha512-F4jOhOSeiZD8lXpF4l1hRqyM1jbqoLKGVZNxAP467wmQCsWUtElMa3Ki5PrDMq6qvUNC3deUKfERDAsfj7IDlg==",
      "dependencies": [
        "@ai-sdk/gateway",
        "@ai-sdk/provider",
        "@ai-sdk/provider-utils@3.0.0_zod@3.25.76",
        "@opentelemetry/api",
        "zod"
      ]
    },
    "eventsource-parser@3.0.3": {
      "integrity": "sha512-nVpZkTMM9rF6AQ9gPJpFsNAMt48wIzB5TQgiTLdHiuO8XEDhUgZEhqKlZWXbIzo9VmJ/HvysHqEaVeD5v9TPvA=="
    },
    "json-schema@0.4.0": {
      "integrity": "sha512-es94M3nTIfsEPisRafak+HDLfHXnKBhV3vU5eqPcS3flIWqcxJWgXHXiey3YrpaNsanY5ei1VoYEbOzijuq9BA=="
    },
    "zod-to-json-schema@3.24.6_zod@3.25.76": {
      "integrity": "sha512-h/z3PKvcTcTetyjl1fkj79MHNEjm+HpD6NXheWjzOekY7kV+lwDYnHw+ivHkijnCSMz1yJaWBD9vu/Fcmk+vEg==",
      "dependencies": [
        "zod"
      ]
    },
    "zod@3.25.76": {
      "integrity": "sha512-gzUt/qt81nXsFGKIFcC3YnfEAx5NkunCfnDlvuBSSFS02bcXu4Lmea0AFIUwbLWxWPx3d9p8S5QoaujKcNQxcQ=="
    }
  },
  "workspace": {
    "members": {
      "packages/cmd": {
        "dependencies": [
          "jsr:@std/assert@1",
          "jsr:@std/cli@^1.0.19"
        ],
        "packageJson": {
          "dependencies": [
            "npm:@ai-sdk/openai@2",
            "npm:ai@5.0.0",
            "npm:zod@3.25.76"
          ]
        }
      },
      "packages/mtk": {
        "packageJson": {
          "dependencies": [
            "npm:@types/bun@latest",
            "npm:better-sqlite3@^12.2.0"
          ]
        }
      }
    }
  }
}
